// !$*UTF8*$!
{
	archiveVersion = 1;
	classes = {
	};
	objectVersion = 54;
	objects = {

/* Begin PBXBuildFile section */
		14BF344F12D72DDE0B75EFC1 /* HourlyVerseEntry.swift in Sources */ = {isa = PBXBuildFile; fileRef = 4F4568495A7729AE65380603 /* HourlyVerseEntry.swift */; };
		2FAD9763203C412B000D30F8 /* config.xml in Resources */ = {isa = PBXBuildFile; fileRef = 2FAD9762203C412B000D30F8 /* config.xml */; };
		4586D69F9DB0F6A7632CD184 /* MotivationSmallWidgetView.swift in Sources */ = {isa = PBXBuildFile; fileRef = 5DEFFC91C8998597F9B4E2BB /* MotivationSmallWidgetView.swift */; };
		460C41CEF79B8BA2DA128BEF /* MotivationProvider.swift in Sources */ = {isa = PBXBuildFile; fileRef = 9310A7A3DA0CEB5B4D32B3BE /* MotivationProvider.swift */; };
		50379B232058CBB4000EE86E /* capacitor.config.json in Resources */ = {isa = PBXBuildFile; fileRef = 50379B222058CBB4000EE86E /* capacitor.config.json */; };
		504EC3081FED79650016851F /* AppDelegate.swift in Sources */ = {isa = PBXBuildFile; fileRef = 504EC3071FED79650016851F /* AppDelegate.swift */; };
		504EC30D1FED79650016851F /* Main.storyboard in Resources */ = {isa = PBXBuildFile; fileRef = 504EC30B1FED79650016851F /* Main.storyboard */; };
		504EC30F1FED79650016851F /* Assets.xcassets in Resources */ = {isa = PBXBuildFile; fileRef = 504EC30E1FED79650016851F /* Assets.xcassets */; };
		504EC3121FED79650016851F /* LaunchScreen.storyboard in Resources */ = {isa = PBXBuildFile; fileRef = 504EC3101FED79650016851F /* LaunchScreen.storyboard */; };
		50B271D11FEDC1A000F3C39B /* public in Resources */ = {isa = PBXBuildFile; fileRef = 50B271D01FEDC1A000F3C39B /* public */; };
		55655962C3DD36DECD0CFC15 /* VerseLockScreenView.swift in Sources */ = {isa = PBXBuildFile; fileRef = CC01C92512331C4565B384E0 /* VerseLockScreenView.swift */; };
		658561D04E94F18110235ECA /* HourlyVerseLockScreenView.swift in Sources */ = {isa = PBXBuildFile; fileRef = A5597A4B530F8B3CB9BF4632 /* HourlyVerseLockScreenView.swift */; };
		79D22CBDDC24981835948099 /* HourlyVerseSmallWidgetView.swift in Sources */ = {isa = PBXBuildFile; fileRef = F42928A1954CB9B9652868EC /* HourlyVerseSmallWidgetView.swift */; };
		81157D489F3994F77D54D7B7 /* HourlyEsmaSmallWidgetView.swift in Sources */ = {isa = PBXBuildFile; fileRef = 8D6FAD41BAD9E2D38B5835C6 /* HourlyEsmaSmallWidgetView.swift */; };
		83A3CCE47DED0B3B924F116B /* HourlyVerseMediumWidgetView.swift in Sources */ = {isa = PBXBuildFile; fileRef = 1FB880A49D28D7BE0B3A5857 /* HourlyVerseMediumWidgetView.swift */; };
		889F9B708DBDA3EA16C76275 /* HourlyVerseProvider.swift in Sources */ = {isa = PBXBuildFile; fileRef = 1F01A4A3E835FB569AC9BE79 /* HourlyVerseProvider.swift */; };
		8A8833274C235FC7EFB10551 /* MotivationEntry.swift in Sources */ = {isa = PBXBuildFile; fileRef = AB4ACBA0E7BEDC9E8C5D9FCB /* MotivationEntry.swift */; };
		92529C83337DE42EC614DB6B /* HourlyEsmaProvider.swift in Sources */ = {isa = PBXBuildFile; fileRef = 941640D93A7B012B73939378 /* HourlyEsmaProvider.swift */; };
		9535C347EEE498DCD1C6E3B9 /* MotivationMediumWidgetView.swift in Sources */ = {isa = PBXBuildFile; fileRef = B89027793E3ED675327F0B40 /* MotivationMediumWidgetView.swift */; };
		987DD127D17401CD7ABFD52F /* HourlyEsmaMediumWidgetView.swift in Sources */ = {isa = PBXBuildFile; fileRef = 25FAA9497E73B76B5FA05335 /* HourlyEsmaMediumWidgetView.swift */; };
		9AC45FD5F4E310686CEF81C5 /* MotivationLockScreenView.swift in Sources */ = {isa = PBXBuildFile; fileRef = 4D95D8CB79D8F542DFED9B17 /* MotivationLockScreenView.swift */; };
		A11BCC592F3D000100996C74 /* sahur_alarm.caf in Resources */ = {isa = PBXBuildFile; fileRef = A11BCC5A2F3D000100996C74 /* sahur_alarm.caf */; };
		DHKR00000000000000B00001 /* DhikrEntry.swift in Sources */ = {isa = PBXBuildFile; fileRef = DHKR00000000000000F00001 /* DhikrEntry.swift */; };
		DHKR00000000000000B00002 /* DhikrIntent.swift in Sources */ = {isa = PBXBuildFile; fileRef = DHKR00000000000000F00002 /* DhikrIntent.swift */; };
		DHKR00000000000000B00003 /* DhikrProvider.swift in Sources */ = {isa = PBXBuildFile; fileRef = DHKR00000000000000F00003 /* DhikrProvider.swift */; };
		DHKR00000000000000B00004 /* DhikrSmallWidgetView.swift in Sources */ = {isa = PBXBuildFile; fileRef = DHKR00000000000000F00004 /* DhikrSmallWidgetView.swift */; };
		DHKR00000000000000B00005 /* DhikrMediumWidgetView.swift in Sources */ = {isa = PBXBuildFile; fileRef = DHKR00000000000000F00005 /* DhikrMediumWidgetView.swift */; };
		DHKR00000000000000B00006 /* DhikrLargeWidgetView.swift in Sources */ = {isa = PBXBuildFile; fileRef = DHKR00000000000000F00006 /* DhikrLargeWidgetView.swift */; };
		E2A9F9000000000000B00001 /* EsmaEntry.swift in Sources */ = {isa = PBXBuildFile; fileRef = E2A9F9000000000000F00001 /* EsmaEntry.swift */; };
		E2A9F9000000000000B00002 /* EsmaProvider.swift in Sources */ = {isa = PBXBuildFile; fileRef = E2A9F9000000000000F00002 /* EsmaProvider.swift */; };
		E2A9F9000000000000B00003 /* EsmaSmallWidgetView.swift in Sources */ = {isa = PBXBuildFile; fileRef = E2A9F9000000000000F00003 /* EsmaSmallWidgetView.swift */; };
		E2A9F9000000000000B00004 /* EsmaMediumWidgetView.swift in Sources */ = {isa = PBXBuildFile; fileRef = E2A9F9000000000000F00004 /* EsmaMediumWidgetView.swift */; };
		E44ECC572F36282700996C74 /* beep.caf in Resources */ = {isa = PBXBuildFile; fileRef = E44ECC552F36282700996C74 /* beep.caf */; };
		E44ECC582F36282700996C74 /* ezan.caf in Resources */ = {isa = PBXBuildFile; fileRef = E44ECC562F36282700996C74 /* ezan.caf */; };
		E48DDD312F45063500B2FBF8 /* GoogleService-Info.plist in Resources */ = {isa = PBXBuildFile; fileRef = E48DDD302F45063500B2FBF8 /* GoogleService-Info.plist */; };
		E49259D82F61982100F71080 /* StoreKit.framework in Frameworks */ = {isa = PBXBuildFile; fileRef = E49259D72F61982100F71080 /* StoreKit.framework */; };
		E49259DD2F61A46D00F71080 /* İslami Yoldaş: Namaz, Ramazan.storekit in Resources */ = {isa = PBXBuildFile; fileRef = E49259DC2F61A46D00F71080 /* İslami Yoldaş: Namaz, Ramazan.storekit */; };
		E9AD63757027425035C30D59 /* Localizable.strings in Resources */ = {isa = PBXBuildFile; fileRef = 1F028E53F29912EE2DF5543B /* Localizable.strings */; };
		F3AE7909B7E1A6EC07A729B3 /* Pods_App.framework in Frameworks */ = {isa = PBXBuildFile; fileRef = 482C13562036DB0DA7227BC4 /* Pods_App.framework */; };
		F486CB2CE132492AC134CE67 /* InfoPlist.strings in Resources */ = {isa = PBXBuildFile; fileRef = EDF92D19185FF9E333BBAF22 /* InfoPlist.strings */; };
		PREM00000000000000B00001 /* WidgetAccessHelper.swift in Sources */ = {isa = PBXBuildFile; fileRef = PREM00000000000000F00001 /* WidgetAccessHelper.swift */; };
		PREM00000000000000B00002 /* PremiumRequiredView.swift in Sources */ = {isa = PBXBuildFile; fileRef = PREM00000000000000F00002 /* PremiumRequiredView.swift */; };
		PRIV001122334455660002 /* PrivacyInfo.xcprivacy in Resources */ = {isa = PBXBuildFile; fileRef = PRIV001122334455660001 /* PrivacyInfo.xcprivacy */; };
		V1E8F8000000000000B00001 /* VerseEntry.swift in Sources */ = {isa = PBXBuildFile; fileRef = V1E8F8000000000000F00001 /* VerseEntry.swift */; };
		V1E8F8000000000000B00002 /* VerseProvider.swift in Sources */ = {isa = PBXBuildFile; fileRef = V1E8F8000000000000F00002 /* VerseProvider.swift */; };
		V1E8F8000000000000B00003 /* VerseSmallWidgetView.swift in Sources */ = {isa = PBXBuildFile; fileRef = V1E8F8000000000000F00003 /* VerseSmallWidgetView.swift */; };
		V1E8F8000000000000B00004 /* VerseMediumWidgetView.swift in Sources */ = {isa = PBXBuildFile; fileRef = V1E8F8000000000000F00004 /* VerseMediumWidgetView.swift */; };
		W1D6E7000000000000B00001 /* IslamiWidgetsBundle.swift in Sources */ = {isa = PBXBuildFile; fileRef = W1D6E7000000000000F00001 /* IslamiWidgetsBundle.swift */; };
		W1D6E7000000000000B00002 /* PrayerTimesEntry.swift in Sources */ = {isa = PBXBuildFile; fileRef = W1D6E7000000000000F00002 /* PrayerTimesEntry.swift */; };
		W1D6E7000000000000B00003 /* PrayerTimesProvider.swift in Sources */ = {isa = PBXBuildFile; fileRef = W1D6E7000000000000F00003 /* PrayerTimesProvider.swift */; };
		W1D6E7000000000000B00004 /* SmallWidgetView.swift in Sources */ = {isa = PBXBuildFile; fileRef = W1D6E7000000000000F00004 /* SmallWidgetView.swift */; };
		W1D6E7000000000000B00005 /* MediumWidgetView.swift in Sources */ = {isa = PBXBuildFile; fileRef = W1D6E7000000000000F00005 /* MediumWidgetView.swift */; };
		W1D6E7000000000000B00006 /* LockScreenWidgetView.swift in Sources */ = {isa = PBXBuildFile; fileRef = W1D6E7000000000000F00006 /* LockScreenWidgetView.swift */; };
		W1D6E7000000000000B00007 /* Assets.xcassets in Resources */ = {isa = PBXBuildFile; fileRef = W1D6E7000000000000F00007 /* Assets.xcassets */; };
		W1D6E7000000000000B00008 /* WidgetKit.framework in Frameworks */ = {isa = PBXBuildFile; fileRef = E47CC69E2F34FFB6001653B3 /* WidgetKit.framework */; };
		W1D6E7000000000000B00009 /* SwiftUI.framework in Frameworks */ = {isa = PBXBuildFile; fileRef = E47CC6A02F34FFB7001653B3 /* SwiftUI.framework */; };
		W1D6E7000000000000B00010 /* IslamiWidgetsExtension.appex in Embed Foundation Extensions */ = {isa = PBXBuildFile; fileRef = W1D6E7000000000000000001 /* IslamiWidgetsExtension.appex */; settings = {ATTRIBUTES = (RemoveHeadersOnCopy, ); }; };
/* End PBXBuildFile section */

/* Begin PBXContainerItemProxy section */
		W1D6E7000000000000D00001 /* PBXContainerItemProxy */ = {
			isa = PBXContainerItemProxy;
			containerPortal = 504EC2FC1FED79650016851F /* Project object */;
			proxyType = 1;
			remoteGlobalIDString = W1D6E7000000000000T00001;
			remoteInfo = IslamiWidgetsExtension;
		};
/* End PBXContainerItemProxy section */

/* Begin PBXCopyFilesBuildPhase section */
		E47CC6AF2F34FFB8001653B3 /* Embed Foundation Extensions */ = {
			isa = PBXCopyFilesBuildPhase;
			buildActionMask = 2147483647;
			dstPath = "";
			dstSubfolderSpec = 13;
			files = (
				W1D6E7000000000000B00010 /* IslamiWidgetsExtension.appex in Embed Foundation Extensions */,
			);
			name = "Embed Foundation Extensions";
			runOnlyForDeploymentPostprocessing = 0;
		};
/* End PBXCopyFilesBuildPhase section */

/* Begin PBXFileReference section */
		172C1152F3A95B22D5E879E8 /* de */ = {isa = PBXFileReference; includeInIndex = 1; lastKnownFileType = text.plist.strings; name = de; path = de.lproj/InfoPlist.strings; sourceTree = "<group>"; };
		1EC040273B0D114749C5C8FE /* tr */ = {isa = PBXFileReference; includeInIndex = 1; lastKnownFileType = text.plist.strings; name = tr; path = tr.lproj/Localizable.strings; sourceTree = "<group>"; };
		1F01A4A3E835FB569AC9BE79 /* HourlyVerseProvider.swift */ = {isa = PBXFileReference; includeInIndex = 1; lastKnownFileType = sourcecode.swift; path = HourlyVerseProvider.swift; sourceTree = "<group>"; };
		1FB880A49D28D7BE0B3A5857 /* HourlyVerseMediumWidgetView.swift */ = {isa = PBXFileReference; includeInIndex = 1; lastKnownFileType = sourcecode.swift; path = HourlyVerseMediumWidgetView.swift; sourceTree = "<group>"; };
		25FAA9497E73B76B5FA05335 /* HourlyEsmaMediumWidgetView.swift */ = {isa = PBXFileReference; includeInIndex = 1; lastKnownFileType = sourcecode.swift; path = HourlyEsmaMediumWidgetView.swift; sourceTree = "<group>"; };
		274564766FE2D56945CD055D /* ar */ = {isa = PBXFileReference; includeInIndex = 1; lastKnownFileType = text.plist.strings; name = ar; path = ar.lproj/InfoPlist.strings; sourceTree = "<group>"; };
		2FAD9762203C412B000D30F8 /* config.xml */ = {isa = PBXFileReference; lastKnownFileType = text.xml; path = config.xml; sourceTree = "<group>"; };
		3F7A4A4432A2FD4104D389A3 /* az */ = {isa = PBXFileReference; includeInIndex = 1; lastKnownFileType = text.plist.strings; name = az; path = az.lproj/InfoPlist.strings; sourceTree = "<group>"; };
		439B6CED9826E7A302D233E3 /* ar */ = {isa = PBXFileReference; includeInIndex = 1; lastKnownFileType = text.plist.strings; name = ar; path = ar.lproj/Localizable.strings; sourceTree = "<group>"; };
		46622A09AAA8C4ACEF22C8F0 /* tr */ = {isa = PBXFileReference; includeInIndex = 1; lastKnownFileType = text.plist.strings; name = tr; path = tr.lproj/InfoPlist.strings; sourceTree = "<group>"; };
		482C13562036DB0DA7227BC4 /* Pods_App.framework */ = {isa = PBXFileReference; explicitFileType = wrapper.framework; includeInIndex = 0; path = Pods_App.framework; sourceTree = BUILT_PRODUCTS_DIR; };
		4B3CCE77197A9B3AE3864EF6 /* az */ = {isa = PBXFileReference; includeInIndex = 1; lastKnownFileType = text.plist.strings; name = az; path = az.lproj/Localizable.strings; sourceTree = "<group>"; };
		4D95D8CB79D8F542DFED9B17 /* MotivationLockScreenView.swift */ = {isa = PBXFileReference; includeInIndex = 1; lastKnownFileType = sourcecode.swift; path = MotivationLockScreenView.swift; sourceTree = "<group>"; };
		4F4568495A7729AE65380603 /* HourlyVerseEntry.swift */ = {isa = PBXFileReference; includeInIndex = 1; lastKnownFileType = sourcecode.swift; path = HourlyVerseEntry.swift; sourceTree = "<group>"; };
		50379B222058CBB4000EE86E /* capacitor.config.json */ = {isa = PBXFileReference; fileEncoding = 4; lastKnownFileType = text.json; path = capacitor.config.json; sourceTree = "<group>"; };
		504EC3041FED79650016851F /* App.app */ = {isa = PBXFileReference; explicitFileType = wrapper.application; includeInIndex = 0; path = App.app; sourceTree = BUILT_PRODUCTS_DIR; };
		504EC3071FED79650016851F /* AppDelegate.swift */ = {isa = PBXFileReference; lastKnownFileType = sourcecode.swift; path = AppDelegate.swift; sourceTree = "<group>"; };
		504EC30C1FED79650016851F /* Base */ = {isa = PBXFileReference; lastKnownFileType = file.storyboard; name = Base; path = Base.lproj/Main.storyboard; sourceTree = "<group>"; };
		504EC30E1FED79650016851F /* Assets.xcassets */ = {isa = PBXFileReference; lastKnownFileType = folder.assetcatalog; path = Assets.xcassets; sourceTree = "<group>"; };
		504EC3111FED79650016851F /* Base */ = {isa = PBXFileReference; lastKnownFileType = file.storyboard; name = Base; path = Base.lproj/LaunchScreen.storyboard; sourceTree = "<group>"; };
		504EC3131FED79650016851F /* Info.plist */ = {isa = PBXFileReference; lastKnownFileType = text.plist.xml; path = Info.plist; sourceTree = "<group>"; };
		50B271D01FEDC1A000F3C39B /* public */ = {isa = PBXFileReference; lastKnownFileType = folder; path = public; sourceTree = "<group>"; };
		51E0D06FC4E1929568C3C07C /* Pods-App.debug.xcconfig */ = {isa = PBXFileReference; includeInIndex = 1; lastKnownFileType = text.xcconfig; name = "Pods-App.debug.xcconfig"; path = "Target Support Files/Pods-App/Pods-App.debug.xcconfig"; sourceTree = "<group>"; };
		5714E50E62DA75789DCB835A /* de */ = {isa = PBXFileReference; includeInIndex = 1; lastKnownFileType = text.plist.strings; name = de; path = de.lproj/Localizable.strings; sourceTree = "<group>"; };
		58B24A785D1C2CF6A6A30160 /* en */ = {isa = PBXFileReference; includeInIndex = 1; lastKnownFileType = text.plist.strings; name = en; path = en.lproj/InfoPlist.strings; sourceTree = "<group>"; };
		5DEFFC91C8998597F9B4E2BB /* MotivationSmallWidgetView.swift */ = {isa = PBXFileReference; includeInIndex = 1; lastKnownFileType = sourcecode.swift; path = MotivationSmallWidgetView.swift; sourceTree = "<group>"; };
		791A0FA530E23A1BF2B733B2 /* en */ = {isa = PBXFileReference; includeInIndex = 1; lastKnownFileType = text.plist.strings; name = en; path = en.lproj/Localizable.strings; sourceTree = "<group>"; };
		885BF197BEC1C39551615B81 /* ru */ = {isa = PBXFileReference; includeInIndex = 1; lastKnownFileType = text.plist.strings; name = ru; path = ru.lproj/Localizable.strings; sourceTree = "<group>"; };
		8D6FAD41BAD9E2D38B5835C6 /* HourlyEsmaSmallWidgetView.swift */ = {isa = PBXFileReference; includeInIndex = 1; lastKnownFileType = sourcecode.swift; path = HourlyEsmaSmallWidgetView.swift; sourceTree = "<group>"; };
		9310A7A3DA0CEB5B4D32B3BE /* MotivationProvider.swift */ = {isa = PBXFileReference; includeInIndex = 1; lastKnownFileType = sourcecode.swift; path = MotivationProvider.swift; sourceTree = "<group>"; };
		941640D93A7B012B73939378 /* HourlyEsmaProvider.swift */ = {isa = PBXFileReference; includeInIndex = 1; lastKnownFileType = sourcecode.swift; path = HourlyEsmaProvider.swift; sourceTree = "<group>"; };
		A11BCC5A2F3D000100996C74 /* sahur_alarm.caf */ = {isa = PBXFileReference; lastKnownFileType = file; path = sahur_alarm.caf; sourceTree = "<group>"; };
		A5597A4B530F8B3CB9BF4632 /* HourlyVerseLockScreenView.swift */ = {isa = PBXFileReference; includeInIndex = 1; lastKnownFileType = sourcecode.swift; path = HourlyVerseLockScreenView.swift; sourceTree = "<group>"; };
		AB4ACBA0E7BEDC9E8C5D9FCB /* MotivationEntry.swift */ = {isa = PBXFileReference; includeInIndex = 1; lastKnownFileType = sourcecode.swift; path = MotivationEntry.swift; sourceTree = "<group>"; };
		B89027793E3ED675327F0B40 /* MotivationMediumWidgetView.swift */ = {isa = PBXFileReference; includeInIndex = 1; lastKnownFileType = sourcecode.swift; path = MotivationMediumWidgetView.swift; sourceTree = "<group>"; };
		CC01C92512331C4565B384E0 /* VerseLockScreenView.swift */ = {isa = PBXFileReference; includeInIndex = 1; lastKnownFileType = sourcecode.swift; path = VerseLockScreenView.swift; sourceTree = "<group>"; };
		DHKR00000000000000F00001 /* DhikrEntry.swift */ = {isa = PBXFileReference; lastKnownFileType = sourcecode.swift; path = DhikrEntry.swift; sourceTree = "<group>"; };
		DHKR00000000000000F00002 /* DhikrIntent.swift */ = {isa = PBXFileReference; lastKnownFileType = sourcecode.swift; path = DhikrIntent.swift; sourceTree = "<group>"; };
		DHKR00000000000000F00003 /* DhikrProvider.swift */ = {isa = PBXFileReference; lastKnownFileType = sourcecode.swift; path = DhikrProvider.swift; sourceTree = "<group>"; };
		DHKR00000000000000F00004 /* DhikrSmallWidgetView.swift */ = {isa = PBXFileReference; lastKnownFileType = sourcecode.swift; path = DhikrSmallWidgetView.swift; sourceTree = "<group>"; };
		DHKR00000000000000F00005 /* DhikrMediumWidgetView.swift */ = {isa = PBXFileReference; lastKnownFileType = sourcecode.swift; path = DhikrMediumWidgetView.swift; sourceTree = "<group>"; };
		DHKR00000000000000F00006 /* DhikrLargeWidgetView.swift */ = {isa = PBXFileReference; lastKnownFileType = sourcecode.swift; path = DhikrLargeWidgetView.swift; sourceTree = "<group>"; };
		E2A9F9000000000000F00001 /* EsmaEntry.swift */ = {isa = PBXFileReference; lastKnownFileType = sourcecode.swift; path = EsmaEntry.swift; sourceTree = "<group>"; };
		E2A9F9000000000000F00002 /* EsmaProvider.swift */ = {isa = PBXFileReference; lastKnownFileType = sourcecode.swift; path = EsmaProvider.swift; sourceTree = "<group>"; };
		E2A9F9000000000000F00003 /* EsmaSmallWidgetView.swift */ = {isa = PBXFileReference; lastKnownFileType = sourcecode.swift; path = EsmaSmallWidgetView.swift; sourceTree = "<group>"; };
		E2A9F9000000000000F00004 /* EsmaMediumWidgetView.swift */ = {isa = PBXFileReference; lastKnownFileType = sourcecode.swift; path = EsmaMediumWidgetView.swift; sourceTree = "<group>"; };
		E44ECC552F36282700996C74 /* beep.caf */ = {isa = PBXFileReference; lastKnownFileType = file; path = beep.caf; sourceTree = "<group>"; };
		E44ECC562F36282700996C74 /* ezan.caf */ = {isa = PBXFileReference; lastKnownFileType = file; path = ezan.caf; sourceTree = "<group>"; };
		E47CC69E2F34FFB6001653B3 /* WidgetKit.framework */ = {isa = PBXFileReference; lastKnownFileType = wrapper.framework; name = WidgetKit.framework; path = System/Library/Frameworks/WidgetKit.framework; sourceTree = SDKROOT; };
		E47CC6A02F34FFB7001653B3 /* SwiftUI.framework */ = {isa = PBXFileReference; lastKnownFileType = wrapper.framework; name = SwiftUI.framework; path = System/Library/Frameworks/SwiftUI.framework; sourceTree = SDKROOT; };
		E48DDD302F45063500B2FBF8 /* GoogleService-Info.plist */ = {isa = PBXFileReference; lastKnownFileType = text.plist.xml; path = "GoogleService-Info.plist"; sourceTree = "<group>"; };
		E49259D72F61982100F71080 /* StoreKit.framework */ = {isa = PBXFileReference; lastKnownFileType = wrapper.framework; name = StoreKit.framework; path = System/Library/Frameworks/StoreKit.framework; sourceTree = SDKROOT; };
		E49259DC2F61A46D00F71080 /* İslami Yoldaş: Namaz, Ramazan.storekit */ = {isa = PBXFileReference; lastKnownFileType = text; path = "İslami Yoldaş: Namaz, Ramazan.storekit"; sourceTree = "<group>"; };
		F1107B3CFD2B3DC4D7AC5EEF /* Pods-App.release.xcconfig */ = {isa = PBXFileReference; includeInIndex = 1; lastKnownFileType = text.xcconfig; name = "Pods-App.release.xcconfig"; path = "Target Support Files/Pods-App/Pods-App.release.xcconfig"; sourceTree = "<group>"; };
		F1A3FE3AFBB91DCFB076CBC7 /* ru */ = {isa = PBXFileReference; includeInIndex = 1; lastKnownFileType = text.plist.strings; name = ru; path = ru.lproj/InfoPlist.strings; sourceTree = "<group>"; };
		F42928A1954CB9B9652868EC /* HourlyVerseSmallWidgetView.swift */ = {isa = PBXFileReference; includeInIndex = 1; lastKnownFileType = sourcecode.swift; path = HourlyVerseSmallWidgetView.swift; sourceTree = "<group>"; };
		PREM00000000000000F00001 /* WidgetAccessHelper.swift */ = {isa = PBXFileReference; lastKnownFileType = sourcecode.swift; path = WidgetAccessHelper.swift; sourceTree = "<group>"; };
		PREM00000000000000F00002 /* PremiumRequiredView.swift */ = {isa = PBXFileReference; lastKnownFileType = sourcecode.swift; path = PremiumRequiredView.swift; sourceTree = "<group>"; };
		PRIV001122334455660001 /* PrivacyInfo.xcprivacy */ = {isa = PBXFileReference; lastKnownFileType = text.xml; path = PrivacyInfo.xcprivacy; sourceTree = "<group>"; };
		V1E8F8000000000000F00001 /* VerseEntry.swift */ = {isa = PBXFileReference; lastKnownFileType = sourcecode.swift; path = VerseEntry.swift; sourceTree = "<group>"; };
		V1E8F8000000000000F00002 /* VerseProvider.swift */ = {isa = PBXFileReference; lastKnownFileType = sourcecode.swift; path = VerseProvider.swift; sourceTree = "<group>"; };
		V1E8F8000000000000F00003 /* VerseSmallWidgetView.swift */ = {isa = PBXFileReference; lastKnownFileType = sourcecode.swift; path = VerseSmallWidgetView.swift; sourceTree = "<group>"; };
		V1E8F8000000000000F00004 /* VerseMediumWidgetView.swift */ = {isa = PBXFileReference; lastKnownFileType = sourcecode.swift; path = VerseMediumWidgetView.swift; sourceTree = "<group>"; };
		W1D6E7000000000000000001 /* IslamiWidgetsExtension.appex */ = {isa = PBXFileReference; explicitFileType = "wrapper.app-extension"; includeInIndex = 0; path = IslamiWidgetsExtension.appex; sourceTree = BUILT_PRODUCTS_DIR; };
		W1D6E7000000000000F00001 /* IslamiWidgetsBundle.swift */ = {isa = PBXFileReference; lastKnownFileType = sourcecode.swift; path = IslamiWidgetsBundle.swift; sourceTree = "<group>"; };
		W1D6E7000000000000F00002 /* PrayerTimesEntry.swift */ = {isa = PBXFileReference; lastKnownFileType = sourcecode.swift; path = PrayerTimesEntry.swift; sourceTree = "<group>"; };
		W1D6E7000000000000F00003 /* PrayerTimesProvider.swift */ = {isa = PBXFileReference; lastKnownFileType = sourcecode.swift; path = PrayerTimesProvider.swift; sourceTree = "<group>"; };
		W1D6E7000000000000F00004 /* SmallWidgetView.swift */ = {isa = PBXFileReference; lastKnownFileType = sourcecode.swift; path = SmallWidgetView.swift; sourceTree = "<group>"; };
		W1D6E7000000000000F00005 /* MediumWidgetView.swift */ = {isa = PBXFileReference; lastKnownFileType = sourcecode.swift; path = MediumWidgetView.swift; sourceTree = "<group>"; };
		W1D6E7000000000000F00006 /* LockScreenWidgetView.swift */ = {isa = PBXFileReference; lastKnownFileType = sourcecode.swift; path = LockScreenWidgetView.swift; sourceTree = "<group>"; };
		W1D6E7000000000000F00007 /* Assets.xcassets */ = {isa = PBXFileReference; lastKnownFileType = folder.assetcatalog; path = Assets.xcassets; sourceTree = "<group>"; };
		W1D6E7000000000000F00008 /* IslamiWidgets.entitlements */ = {isa = PBXFileReference; lastKnownFileType = text.plist.entitlements; path = IslamiWidgets.entitlements; sourceTree = "<group>"; };
		W1D6E7000000000000F00009 /* Info.plist */ = {isa = PBXFileReference; lastKnownFileType = text.plist.xml; path = Info.plist; sourceTree = "<group>"; };
/* End PBXFileReference section */

/* Begin PBXFrameworksBuildPhase section */
		504EC3011FED79650016851F /* Frameworks */ = {
			isa = PBXFrameworksBuildPhase;
			buildActionMask = 2147483647;
			files = (
				E49259D82F61982100F71080 /* StoreKit.framework in Frameworks */,
				F3AE7909B7E1A6EC07A729B3 /* Pods_App.framework in Frameworks */,
			);
			runOnlyForDeploymentPostprocessing = 0;
		};
		W1D6E7000000000000P00003 /* Frameworks */ = {
			isa = PBXFrameworksBuildPhase;
			buildActionMask = 2147483647;
			files = (
				W1D6E7000000000000B00008 /* WidgetKit.framework in Frameworks */,
				W1D6E7000000000000B00009 /* SwiftUI.framework in Frameworks */,
			);
			runOnlyForDeploymentPostprocessing = 0;
		};
/* End PBXFrameworksBuildPhase section */

/* Begin PBXGroup section */
		504EC2FB1FED79650016851F = {
			isa = PBXGroup;
			children = (
				W1D6E7000000000000G00001 /* IslamiWidgets */,
				E49259DC2F61A46D00F71080 /* İslami Yoldaş: Namaz, Ramazan.storekit */,
				504EC3061FED79650016851F /* App */,
				E47CC69D2F34FFB6001653B3 /* Frameworks */,
				504EC3051FED79650016851F /* Products */,
				B85FD53605CBE27D0FD42B6C /* Pods */,
			);
			sourceTree = "<group>";
		};
		504EC3051FED79650016851F /* Products */ = {
			isa = PBXGroup;
			children = (
				504EC3041FED79650016851F /* App.app */,
				W1D6E7000000000000000001 /* IslamiWidgetsExtension.appex */,
			);
			name = Products;
			sourceTree = "<group>";
		};
		504EC3061FED79650016851F /* App */ = {
			isa = PBXGroup;
			children = (
				E44ECC552F36282700996C74 /* beep.caf */,
				E44ECC562F36282700996C74 /* ezan.caf */,
				A11BCC5A2F3D000100996C74 /* sahur_alarm.caf */,
				50379B222058CBB4000EE86E /* capacitor.config.json */,
				504EC3071FED79650016851F /* AppDelegate.swift */,
				504EC30B1FED79650016851F /* Main.storyboard */,
				504EC30E1FED79650016851F /* Assets.xcassets */,
				504EC3101FED79650016851F /* LaunchScreen.storyboard */,
				504EC3131FED79650016851F /* Info.plist */,
				PRIV001122334455660001 /* PrivacyInfo.xcprivacy */,
				2FAD9762203C412B000D30F8 /* config.xml */,
				50B271D01FEDC1A000F3C39B /* public */,
				E48DDD302F45063500B2FBF8 /* GoogleService-Info.plist */,
				EDF92D19185FF9E333BBAF22 /* InfoPlist.strings */,
			);
			path = App;
			sourceTree = "<group>";
		};
		B85FD53605CBE27D0FD42B6C /* Pods */ = {
			isa = PBXGroup;
			children = (
				51E0D06FC4E1929568C3C07C /* Pods-App.debug.xcconfig */,
				F1107B3CFD2B3DC4D7AC5EEF /* Pods-App.release.xcconfig */,
			);
			path = Pods;
			sourceTree = "<group>";
		};
		E47CC69D2F34FFB6001653B3 /* Frameworks */ = {
			isa = PBXGroup;
			children = (
				E49259D72F61982100F71080 /* StoreKit.framework */,
				E47CC69E2F34FFB6001653B3 /* WidgetKit.framework */,
				E47CC6A02F34FFB7001653B3 /* SwiftUI.framework */,
				482C13562036DB0DA7227BC4 /* Pods_App.framework */,
			);
			name = Frameworks;
			sourceTree = "<group>";
		};
		W1D6E7000000000000G00001 /* IslamiWidgets */ = {
			isa = PBXGroup;
			children = (
				W1D6E7000000000000F00001 /* IslamiWidgetsBundle.swift */,
				W1D6E7000000000000F00002 /* PrayerTimesEntry.swift */,
				W1D6E7000000000000F00003 /* PrayerTimesProvider.swift */,
				W1D6E7000000000000F00004 /* SmallWidgetView.swift */,
				W1D6E7000000000000F00005 /* MediumWidgetView.swift */,
				W1D6E7000000000000F00006 /* LockScreenWidgetView.swift */,
				V1E8F8000000000000F00001 /* VerseEntry.swift */,
				V1E8F8000000000000F00002 /* VerseProvider.swift */,
				V1E8F8000000000000F00003 /* VerseSmallWidgetView.swift */,
				V1E8F8000000000000F00004 /* VerseMediumWidgetView.swift */,
				E2A9F9000000000000F00001 /* EsmaEntry.swift */,
				E2A9F9000000000000F00002 /* EsmaProvider.swift */,
				E2A9F9000000000000F00003 /* EsmaSmallWidgetView.swift */,
				E2A9F9000000000000F00004 /* EsmaMediumWidgetView.swift */,
				W1D6E7000000000000F00007 /* Assets.xcassets */,
				W1D6E7000000000000F00008 /* IslamiWidgets.entitlements */,
				W1D6E7000000000000F00009 /* Info.plist */,
				4F4568495A7729AE65380603 /* HourlyVerseEntry.swift */,
				1F01A4A3E835FB569AC9BE79 /* HourlyVerseProvider.swift */,
				F42928A1954CB9B9652868EC /* HourlyVerseSmallWidgetView.swift */,
				1FB880A49D28D7BE0B3A5857 /* HourlyVerseMediumWidgetView.swift */,
				941640D93A7B012B73939378 /* HourlyEsmaProvider.swift */,
				8D6FAD41BAD9E2D38B5835C6 /* HourlyEsmaSmallWidgetView.swift */,
				25FAA9497E73B76B5FA05335 /* HourlyEsmaMediumWidgetView.swift */,
				AB4ACBA0E7BEDC9E8C5D9FCB /* MotivationEntry.swift */,
				9310A7A3DA0CEB5B4D32B3BE /* MotivationProvider.swift */,
				5DEFFC91C8998597F9B4E2BB /* MotivationSmallWidgetView.swift */,
				B89027793E3ED675327F0B40 /* MotivationMediumWidgetView.swift */,
				CC01C92512331C4565B384E0 /* VerseLockScreenView.swift */,
				A5597A4B530F8B3CB9BF4632 /* HourlyVerseLockScreenView.swift */,
				4D95D8CB79D8F542DFED9B17 /* MotivationLockScreenView.swift */,
				PREM00000000000000F00001 /* WidgetAccessHelper.swift */,
				PREM00000000000000F00002 /* PremiumRequiredView.swift */,
				DHKR00000000000000F00001 /* DhikrEntry.swift */,
				DHKR00000000000000F00002 /* DhikrIntent.swift */,
				DHKR00000000000000F00003 /* DhikrProvider.swift */,
				DHKR00000000000000F00004 /* DhikrSmallWidgetView.swift */,
				DHKR00000000000000F00005 /* DhikrMediumWidgetView.swift */,
				DHKR00000000000000F00006 /* DhikrLargeWidgetView.swift */,
				1F028E53F29912EE2DF5543B /* Localizable.strings */,
			);
			path = IslamiWidgets;
			sourceTree = "<group>";
		};
/* End PBXGroup section */

/* Begin PBXNativeTarget section */
		504EC3031FED79650016851F /* App */ = {
			isa = PBXNativeTarget;
			buildConfigurationList = 504EC3161FED79650016851F /* Build configuration list for PBXNativeTarget "App" */;
			buildPhases = (
				CDF7FCC499C672A34A12C83E /* [CP] Check Pods Manifest.lock */,
				504EC3001FED79650016851F /* Sources */,
				504EC3011FED79650016851F /* Frameworks */,
				504EC3021FED79650016851F /* Resources */,
				E47CC6AF2F34FFB8001653B3 /* Embed Foundation Extensions */,
				E48DDD372F4511E100B2FBF8 /* ShellScript */,
				B3054E078C2FA5BEA949E694 /* [CP] Embed Pods Frameworks */,
				7EB82A8A264A2B9C61342FD6 /* [CP] Copy Pods Resources */,
			);
			buildRules = (
			);
			dependencies = (
				W1D6E7000000000000D00002 /* PBXTargetDependency */,
			);
			name = App;
			productName = App;
			productReference = 504EC3041FED79650016851F /* App.app */;
			productType = "com.apple.product-type.application";
		};
		W1D6E7000000000000T00001 /* IslamiWidgetsExtension */ = {
			isa = PBXNativeTarget;
			buildConfigurationList = W1D6E7000000000000C00001 /* Build configuration list for PBXNativeTarget "IslamiWidgetsExtension" */;
			buildPhases = (
				W1D6E7000000000000P00001 /* Sources */,
				W1D6E7000000000000P00003 /* Frameworks */,
				W1D6E7000000000000P00002 /* Resources */,
			);
			buildRules = (
			);
			dependencies = (
			);
			name = IslamiWidgetsExtension;
			productName = IslamiWidgetsExtension;
			productReference = W1D6E7000000000000000001 /* IslamiWidgetsExtension.appex */;
			productType = "com.apple.product-type.app-extension";
		};
/* End PBXNativeTarget section */

/* Begin PBXProject section */
		504EC2FC1FED79650016851F /* Project object */ = {
			isa = PBXProject;
			attributes = {
				BuildIndependentTargetsInParallel = YES;
				LastSwiftUpdateCheck = 2620;
				LastUpgradeCheck = 2630;
				TargetAttributes = {
					504EC3031FED79650016851F = {
						CreatedOnToolsVersion = 9.2;
						LastSwiftMigration = 1100;
						ProvisioningStyle = Automatic;
						SystemCapabilities = {
							com.apple.ApplicationGroups.iOS = {
								enabled = 1;
							};
						};
					};
					W1D6E7000000000000T00001 = {
						CreatedOnToolsVersion = 16.0;
						ProvisioningStyle = Automatic;
						SystemCapabilities = {
							com.apple.ApplicationGroups.iOS = {
								enabled = 1;
							};
						};
					};
				};
			};
			buildConfigurationList = 504EC2FF1FED79650016851F /* Build configuration list for PBXProject "App" */;
			compatibilityVersion = "Xcode 8.0";
			developmentRegion = tr;
			hasScannedForEncodings = 0;
			knownRegions = (
				en,
				Base,
				tr,
				de,
				ar,
				ru,
				az,
			);
			mainGroup = 504EC2FB1FED79650016851F;
			productRefGroup = 504EC3051FED79650016851F /* Products */;
			projectDirPath = "";
			projectRoot = "";
			targets = (
				504EC3031FED79650016851F /* App */,
				W1D6E7000000000000T00001 /* IslamiWidgetsExtension */,
			);
		};
/* End PBXProject section */

/* Begin PBXResourcesBuildPhase section */
		504EC3021FED79650016851F /* Resources */ = {
			isa = PBXResourcesBuildPhase;
			buildActionMask = 2147483647;
			files = (
				PRIV001122334455660002 /* PrivacyInfo.xcprivacy in Resources */,
				504EC3121FED79650016851F /* LaunchScreen.storyboard in Resources */,
				E44ECC572F36282700996C74 /* beep.caf in Resources */,
				E49259DD2F61A46D00F71080 /* İslami Yoldaş: Namaz, Ramazan.storekit in Resources */,
				E44ECC582F36282700996C74 /* ezan.caf in Resources */,
				A11BCC592F3D000100996C74 /* sahur_alarm.caf in Resources */,
				50B271D11FEDC1A000F3C39B /* public in Resources */,
				504EC30F1FED79650016851F /* Assets.xcassets in Resources */,
				50379B232058CBB4000EE86E /* capacitor.config.json in Resources */,
				E48DDD312F45063500B2FBF8 /* GoogleService-Info.plist in Resources */,
				504EC30D1FED79650016851F /* Main.storyboard in Resources */,
				2FAD9763203C412B000D30F8 /* config.xml in Resources */,
				F486CB2CE132492AC134CE67 /* InfoPlist.strings in Resources */,
			);
			runOnlyForDeploymentPostprocessing = 0;
		};
		W1D6E7000000000000P00002 /* Resources */ = {
			isa = PBXResourcesBuildPhase;
			buildActionMask = 2147483647;
			files = (
				W1D6E7000000000000B00007 /* Assets.xcassets in Resources */,
				E9AD63757027425035C30D59 /* Localizable.strings in Resources */,
			);
			runOnlyForDeploymentPostprocessing = 0;
		};
/* End PBXResourcesBuildPhase section */

/* Begin PBXShellScriptBuildPhase section */
		7EB82A8A264A2B9C61342FD6 /* [CP] Copy Pods Resources */ = {
			isa = PBXShellScriptBuildPhase;
			buildActionMask = 2147483647;
			files = (
			);
			inputPaths = (
			);
			name = "[CP] Copy Pods Resources";
			outputPaths = (
			);
			runOnlyForDeploymentPostprocessing = 0;
			shellPath = /bin/sh;
			shellScript = "\"${PODS_ROOT}/Target Support Files/Pods-App/Pods-App-resources.sh\"\n";
			showEnvVarsInLog = 0;
		};
		B3054E078C2FA5BEA949E694 /* [CP] Embed Pods Frameworks */ = {
			isa = PBXShellScriptBuildPhase;
			buildActionMask = 2147483647;
			files = (
			);
			inputPaths = (
			);
			name = "[CP] Embed Pods Frameworks";
			outputPaths = (
			);
			runOnlyForDeploymentPostprocessing = 0;
			shellPath = /bin/sh;
			shellScript = "\"${PODS_ROOT}/Target Support Files/Pods-App/Pods-App-frameworks.sh\"\n";
			showEnvVarsInLog = 0;
		};
		CDF7FCC499C672A34A12C83E /* [CP] Check Pods Manifest.lock */ = {
			isa = PBXShellScriptBuildPhase;
			buildActionMask = 2147483647;
			files = (
			);
			inputFileListPaths = (
			);
			inputPaths = (
				"${PODS_PODFILE_DIR_PATH}/Podfile.lock",
				"${PODS_ROOT}/Manifest.lock",
			);
			name = "[CP] Check Pods Manifest.lock";
			outputFileListPaths = (
			);
			outputPaths = (
				"$(DERIVED_FILE_DIR)/Pods-App-checkManifestLockResult.txt",
			);
			runOnlyForDeploymentPostprocessing = 0;
			shellPath = /bin/sh;
			shellScript = "diff \"${PODS_PODFILE_DIR_PATH}/Podfile.lock\" \"${PODS_ROOT}/Manifest.lock\" > /dev/null\nif [ $? != 0 ] ; then\n    # print error to STDERR\n    echo \"error: The sandbox is not in sync with the Podfile.lock. Run 'pod install' or update your CocoaPods installation.\" >&2\n    exit 1\nfi\n# This output is used by Xcode 'outputs' to avoid re-running this script phase.\necho \"SUCCESS\" > \"${SCRIPT_OUTPUT_FILE_0}\"\n";
			showEnvVarsInLog = 0;
		};
		E48DDD372F4511E100B2FBF8 /* ShellScript */ = {
			isa = PBXShellScriptBuildPhase;
			alwaysOutOfDate = 1;
			buildActionMask = 2147483647;
			files = (
			);
			inputFileListPaths = (
			);
			inputPaths = (
				"${DWARF_DSYM_FOLDER_PATH}/${DWARF_DSYM_FILE_NAME}\n",
				"${DWARF_DSYM_FOLDER_PATH}/${DWARF_DSYM_FILE_NAME}/Contents/Resources/DWARF/${PRODUCT_NAME}\n",
				"${DWARF_DSYM_FOLDER_PATH}/${DWARF_DSYM_FILE_NAME}/Contents/Info.plist\n",
				"$(TARGET_BUILD_DIR)/$(UNLOCALIZED_RESOURCES_FOLDER_PATH)/GoogleService-Info.plist\n",
				"$(TARGET_BUILD_DIR)/$(EXECUTABLE_PATH)\n",
			);
			outputFileListPaths = (
			);
			outputPaths = (
			);
			runOnlyForDeploymentPostprocessing = 0;
			shellPath = /bin/sh;
			shellScript = "\"${PODS_ROOT}/FirebaseCrashlytics/run\"\n";
		};
/* End PBXShellScriptBuildPhase section */

/* Begin PBXSourcesBuildPhase section */
		504EC3001FED79650016851F /* Sources */ = {
			isa = PBXSourcesBuildPhase;
			buildActionMask = 2147483647;
			files = (
				504EC3081FED79650016851F /* AppDelegate.swift in Sources */,
			);
			runOnlyForDeploymentPostprocessing = 0;
		};
		W1D6E7000000000000P00001 /* Sources */ = {
			isa = PBXSourcesBuildPhase;
			buildActionMask = 2147483647;
			files = (
				W1D6E7000000000000B00001 /* IslamiWidgetsBundle.swift in Sources */,
				W1D6E7000000000000B00002 /* PrayerTimesEntry.swift in Sources */,
				W1D6E7000000000000B00003 /* PrayerTimesProvider.swift in Sources */,
				W1D6E7000000000000B00004 /* SmallWidgetView.swift in Sources */,
				W1D6E7000000000000B00005 /* MediumWidgetView.swift in Sources */,
				W1D6E7000000000000B00006 /* LockScreenWidgetView.swift in Sources */,
				V1E8F8000000000000B00001 /* VerseEntry.swift in Sources */,
				V1E8F8000000000000B00002 /* VerseProvider.swift in Sources */,
				V1E8F8000000000000B00003 /* VerseSmallWidgetView.swift in Sources */,
				V1E8F8000000000000B00004 /* VerseMediumWidgetView.swift in Sources */,
				E2A9F9000000000000B00001 /* EsmaEntry.swift in Sources */,
				E2A9F9000000000000B00002 /* EsmaProvider.swift in Sources */,
				E2A9F9000000000000B00003 /* EsmaSmallWidgetView.swift in Sources */,
				E2A9F9000000000000B00004 /* EsmaMediumWidgetView.swift in Sources */,
				14BF344F12D72DDE0B75EFC1 /* HourlyVerseEntry.swift in Sources */,
				889F9B708DBDA3EA16C76275 /* HourlyVerseProvider.swift in Sources */,
				79D22CBDDC24981835948099 /* HourlyVerseSmallWidgetView.swift in Sources */,
				83A3CCE47DED0B3B924F116B /* HourlyVerseMediumWidgetView.swift in Sources */,
				92529C83337DE42EC614DB6B /* HourlyEsmaProvider.swift in Sources */,
				81157D489F3994F77D54D7B7 /* HourlyEsmaSmallWidgetView.swift in Sources */,
				987DD127D17401CD7ABFD52F /* HourlyEsmaMediumWidgetView.swift in Sources */,
				8A8833274C235FC7EFB10551 /* MotivationEntry.swift in Sources */,
				460C41CEF79B8BA2DA128BEF /* MotivationProvider.swift in Sources */,
				4586D69F9DB0F6A7632CD184 /* MotivationSmallWidgetView.swift in Sources */,
				9535C347EEE498DCD1C6E3B9 /* MotivationMediumWidgetView.swift in Sources */,
				55655962C3DD36DECD0CFC15 /* VerseLockScreenView.swift in Sources */,
				658561D04E94F18110235ECA /* HourlyVerseLockScreenView.swift in Sources */,
				9AC45FD5F4E310686CEF81C5 /* MotivationLockScreenView.swift in Sources */,
				PREM00000000000000B00001 /* WidgetAccessHelper.swift in Sources */,
				PREM00000000000000B00002 /* PremiumRequiredView.swift in Sources */,
				DHKR00000000000000B00001 /* DhikrEntry.swift in Sources */,
				DHKR00000000000000B00002 /* DhikrIntent.swift in Sources */,
				DHKR00000000000000B00003 /* DhikrProvider.swift in Sources */,
				DHKR00000000000000B00004 /* DhikrSmallWidgetView.swift in Sources */,
				DHKR00000000000000B00005 /* DhikrMediumWidgetView.swift in Sources */,
				DHKR00000000000000B00006 /* DhikrLargeWidgetView.swift in Sources */,
			);
			runOnlyForDeploymentPostprocessing = 0;
		};
/* End PBXSourcesBuildPhase section */

/* Begin PBXTargetDependency section */
		W1D6E7000000000000D00002 /* PBXTargetDependency */ = {
			isa = PBXTargetDependency;
			target = W1D6E7000000000000T00001 /* IslamiWidgetsExtension */;
			targetProxy = W1D6E7000000000000D00001 /* PBXContainerItemProxy */;
		};
/* End PBXTargetDependency section */

/* Begin PBXVariantGroup section */
		1F028E53F29912EE2DF5543B /* Localizable.strings */ = {
			isa = PBXVariantGroup;
			children = (
				1EC040273B0D114749C5C8FE /* tr */,
				791A0FA530E23A1BF2B733B2 /* en */,
				5714E50E62DA75789DCB835A /* de */,
				885BF197BEC1C39551615B81 /* ru */,
				4B3CCE77197A9B3AE3864EF6 /* az */,
				439B6CED9826E7A302D233E3 /* ar */,
			);
			name = Localizable.strings;
			sourceTree = "<group>";
		};
		504EC30B1FED79650016851F /* Main.storyboard */ = {
			isa = PBXVariantGroup;
			children = (
				504EC30C1FED79650016851F /* Base */,
			);
			name = Main.storyboard;
			sourceTree = "<group>";
		};
		504EC3101FED79650016851F /* LaunchScreen.storyboard */ = {
			isa = PBXVariantGroup;
			children = (
				504EC3111FED79650016851F /* Base */,
			);
			name = LaunchScreen.storyboard;
			sourceTree = "<group>";
		};
		EDF92D19185FF9E333BBAF22 /* InfoPlist.strings */ = {
			isa = PBXVariantGroup;
			children = (
				46622A09AAA8C4ACEF22C8F0 /* tr */,
				58B24A785D1C2CF6A6A30160 /* en */,
				172C1152F3A95B22D5E879E8 /* de */,
				F1A3FE3AFBB91DCFB076CBC7 /* ru */,
				3F7A4A4432A2FD4104D389A3 /* az */,
				274564766FE2D56945CD055D /* ar */,
			);
			name = InfoPlist.strings;
			sourceTree = "<group>";
		};
/* End PBXVariantGroup section */

/* Begin XCBuildConfiguration section */
		504EC3141FED79650016851F /* Debug */ = {
			isa = XCBuildConfiguration;
			buildSettings = {
				ALWAYS_SEARCH_USER_PATHS = NO;
				CLANG_ANALYZER_LOCALIZABILITY_NONLOCALIZED = YES;
				CLANG_ANALYZER_NONNULL = YES;
				CLANG_ANALYZER_NUMBER_OBJECT_CONVERSION = YES_AGGRESSIVE;
				CLANG_CXX_LANGUAGE_STANDARD = "gnu++14";
				CLANG_CXX_LIBRARY = "libc++";
				CLANG_ENABLE_MODULES = YES;
				CLANG_ENABLE_OBJC_ARC = YES;
				CLANG_WARN_BLOCK_CAPTURE_AUTORELEASING = YES;
				CLANG_WARN_BOOL_CONVERSION = YES;
				CLANG_WARN_COMMA = YES;
				CLANG_WARN_CONSTANT_CONVERSION = YES;
				CLANG_WARN_DEPRECATED_OBJC_IMPLEMENTATIONS = YES;
				CLANG_WARN_DIRECT_OBJC_ISA_USAGE = YES_ERROR;
				CLANG_WARN_DOCUMENTATION_COMMENTS = YES;
				CLANG_WARN_EMPTY_BODY = YES;
				CLANG_WARN_ENUM_CONVERSION = YES;
				CLANG_WARN_INFINITE_RECURSION = YES;
				CLANG_WARN_INT_CONVERSION = YES;
				CLANG_WARN_NON_LITERAL_NULL_CONVERSION = YES;
				CLANG_WARN_OBJC_IMPLICIT_RETAIN_SELF = YES;
				CLANG_WARN_OBJC_LITERAL_CONVERSION = YES;
				CLANG_WARN_OBJC_ROOT_CLASS = YES_ERROR;
				CLANG_WARN_QUOTED_INCLUDE_IN_FRAMEWORK_HEADER = YES;
				CLANG_WARN_RANGE_LOOP_ANALYSIS = YES;
				CLANG_WARN_STRICT_PROTOTYPES = YES;
				CLANG_WARN_SUSPICIOUS_MOVE = YES;
				CLANG_WARN_UNGUARDED_AVAILABILITY = YES_AGGRESSIVE;
				CLANG_WARN_UNREACHABLE_CODE = YES;
				CLANG_WARN__DUPLICATE_METHOD_MATCH = YES;
				CODE_SIGN_IDENTITY = "iPhone Developer";
				COPY_PHASE_STRIP = NO;
				DEBUG_INFORMATION_FORMAT = dwarf;
				DEVELOPMENT_TEAM = H5GZ9H5MX8;
				ENABLE_STRICT_OBJC_MSGSEND = YES;
				ENABLE_TESTABILITY = YES;
				GCC_C_LANGUAGE_STANDARD = gnu11;
				GCC_DYNAMIC_NO_PIC = NO;
				GCC_NO_COMMON_BLOCKS = YES;
				GCC_OPTIMIZATION_LEVEL = 0;
				GCC_PREPROCESSOR_DEFINITIONS = (
					"DEBUG=1",
					"$(inherited)",
				);
				GCC_WARN_64_TO_32_BIT_CONVERSION = YES;
				GCC_WARN_ABOUT_RETURN_TYPE = YES_ERROR;
				GCC_WARN_UNDECLARED_SELECTOR = YES;
				GCC_WARN_UNINITIALIZED_AUTOS = YES_AGGRESSIVE;
				GCC_WARN_UNUSED_FUNCTION = YES;
				GCC_WARN_UNUSED_VARIABLE = YES;
				INFOPLIST_KEY_UIRequiresFullScreen = YES;
				IPHONEOS_DEPLOYMENT_TARGET = 15.0;
				MTL_ENABLE_DEBUG_INFO = YES;
				ONLY_ACTIVE_ARCH = YES;
				SDKROOT = iphoneos;
				STRING_CATALOG_GENERATE_SYMBOLS = YES;
				SWIFT_ACTIVE_COMPILATION_CONDITIONS = DEBUG;
				SWIFT_OPTIMIZATION_LEVEL = "-Onone";
			};
			name = Debug;
		};
		504EC3151FED79650016851F /* Release */ = {
			isa = XCBuildConfiguration;
			buildSettings = {
				ALWAYS_SEARCH_USER_PATHS = NO;
				CLANG_ANALYZER_LOCALIZABILITY_NONLOCALIZED = YES;
				CLANG_ANALYZER_NONNULL = YES;
				CLANG_ANALYZER_NUMBER_OBJECT_CONVERSION = YES_AGGRESSIVE;
				CLANG_CXX_LANGUAGE_STANDARD = "gnu++14";
				CLANG_CXX_LIBRARY = "libc++";
				CLANG_ENABLE_MODULES = YES;
				CLANG_ENABLE_OBJC_ARC = YES;
				CLANG_WARN_BLOCK_CAPTURE_AUTORELEASING = YES;
				CLANG_WARN_BOOL_CONVERSION = YES;
				CLANG_WARN_COMMA = YES;
				CLANG_WARN_CONSTANT_CONVERSION = YES;
				CLANG_WARN_DEPRECATED_OBJC_IMPLEMENTATIONS = YES;
				CLANG_WARN_DIRECT_OBJC_ISA_USAGE = YES_ERROR;
				CLANG_WARN_DOCUMENTATION_COMMENTS = YES;
				CLANG_WARN_EMPTY_BODY = YES;
				CLANG_WARN_ENUM_CONVERSION = YES;
				CLANG_WARN_INFINITE_RECURSION = YES;
				CLANG_WARN_INT_CONVERSION = YES;
				CLANG_WARN_NON_LITERAL_NULL_CONVERSION = YES;
				CLANG_WARN_OBJC_IMPLICIT_RETAIN_SELF = YES;
				CLANG_WARN_OBJC_LITERAL_CONVERSION = YES;
				CLANG_WARN_OBJC_ROOT_CLASS = YES_ERROR;
				CLANG_WARN_QUOTED_INCLUDE_IN_FRAMEWORK_HEADER = YES;
				CLANG_WARN_RANGE_LOOP_ANALYSIS = YES;
				CLANG_WARN_STRICT_PROTOTYPES = YES;
				CLANG_WARN_SUSPICIOUS_MOVE = YES;
				CLANG_WARN_UNGUARDED_AVAILABILITY = YES_AGGRESSIVE;
				CLANG_WARN_UNREACHABLE_CODE = YES;
				CLANG_WARN__DUPLICATE_METHOD_MATCH = YES;
				CODE_SIGN_IDENTITY = "iPhone Developer";
				COPY_PHASE_STRIP = NO;
				DEBUG_INFORMATION_FORMAT = "dwarf-with-dsym";
				DEVELOPMENT_TEAM = H5GZ9H5MX8;
				ENABLE_NS_ASSERTIONS = NO;
				ENABLE_STRICT_OBJC_MSGSEND = YES;
				GCC_C_LANGUAGE_STANDARD = gnu11;
				GCC_NO_COMMON_BLOCKS = YES;
				GCC_WARN_64_TO_32_BIT_CONVERSION = YES;
				GCC_WARN_ABOUT_RETURN_TYPE = YES_ERROR;
				GCC_WARN_UNDECLARED_SELECTOR = YES;
				GCC_WARN_UNINITIALIZED_AUTOS = YES_AGGRESSIVE;
				GCC_WARN_UNUSED_FUNCTION = YES;
				GCC_WARN_UNUSED_VARIABLE = YES;
				INFOPLIST_KEY_UIRequiresFullScreen = YES;
				IPHONEOS_DEPLOYMENT_TARGET = 15.0;
				MTL_ENABLE_DEBUG_INFO = NO;
				SDKROOT = iphoneos;
				STRING_CATALOG_GENERATE_SYMBOLS = YES;
				SWIFT_COMPILATION_MODE = wholemodule;
				SWIFT_OPTIMIZATION_LEVEL = "-O";
				VALIDATE_PRODUCT = YES;
			};
			name = Release;
		};
		504EC3171FED79650016851F /* Debug */ = {
			isa = XCBuildConfiguration;
			baseConfigurationReference = 51E0D06FC4E1929568C3C07C /* Pods-App.debug.xcconfig */;
			buildSettings = {
				ASSETCATALOG_COMPILER_APPICON_NAME = AppIcon;
				CODE_SIGN_ENTITLEMENTS = App/App.entitlements;
				CODE_SIGN_STYLE = Automatic;
				CURRENT_PROJECT_VERSION = 15;
				DEBUG_INFORMATION_FORMAT = "dwarf-with-dsym";
				ENABLE_USER_SCRIPT_SANDBOXING = NO;
				INFOPLIST_FILE = App/Info.plist;
				IPHONEOS_DEPLOYMENT_TARGET = 15.0;
				LD_RUNPATH_SEARCH_PATHS = (
					"$(inherited)",
					"@executable_path/Frameworks",
				);
				MARKETING_VERSION = 1.1.3;
				OTHER_SWIFT_FLAGS = "$(inherited) \"-D\" \"COCOAPODS\" \"-DDEBUG\"";
				PRODUCT_BUNDLE_IDENTIFIER = com.islamiyoldas.app;
				PRODUCT_NAME = "$(TARGET_NAME)";
				SWIFT_ACTIVE_COMPILATION_CONDITIONS = DEBUG;
				SWIFT_VERSION = 5.0;
				TARGETED_DEVICE_FAMILY = "1,2";
			};
			name = Debug;
		};
		504EC3181FED79650016851F /* Release */ = {
			isa = XCBuildConfiguration;
			baseConfigurationReference = F1107B3CFD2B3DC4D7AC5EEF /* Pods-App.release.xcconfig */;
			buildSettings = {
				ASSETCATALOG_COMPILER_APPICON_NAME = AppIcon;
				CODE_SIGN_ENTITLEMENTS = App/App.entitlements;
				CODE_SIGN_STYLE = Automatic;
				CURRENT_PROJECT_VERSION = 15;
				ENABLE_USER_SCRIPT_SANDBOXING = NO;
				INFOPLIST_FILE = App/Info.plist;
				IPHONEOS_DEPLOYMENT_TARGET = 15.0;
				LD_RUNPATH_SEARCH_PATHS = (
					"$(inherited)",
					"@executable_path/Frameworks",
				);
				MARKETING_VERSION = 1.1.3;
				PRODUCT_BUNDLE_IDENTIFIER = com.islamiyoldas.app;
				PRODUCT_NAME = "$(TARGET_NAME)";
				SWIFT_ACTIVE_COMPILATION_CONDITIONS = "";
				SWIFT_VERSION = 5.0;
				TARGETED_DEVICE_FAMILY = "1,2";
			};
			name = Release;
		};
		W1D6E7000000000000C00002 /* Debug */ = {
			isa = XCBuildConfiguration;
			buildSettings = {
				ASSETCATALOG_COMPILER_GLOBAL_ACCENT_COLOR_NAME = AccentColor;
				ASSETCATALOG_COMPILER_WIDGET_BACKGROUND_COLOR_NAME = WidgetBackground;
				CODE_SIGN_ENTITLEMENTS = IslamiWidgets/IslamiWidgets.entitlements;
				CODE_SIGN_STYLE = Automatic;
				CURRENT_PROJECT_VERSION = 15;
				DEVELOPMENT_TEAM = H5GZ9H5MX8;
				ENABLE_USER_SCRIPT_SANDBOXING = NO;
				GENERATE_INFOPLIST_FILE = NO;
				INFOPLIST_FILE = IslamiWidgets/Info.plist;
				INFOPLIST_KEY_CFBundleDisplayName = "İslami Yoldaş Widget";
				INFOPLIST_KEY_NSHumanReadableCopyright = "";
				IPHONEOS_DEPLOYMENT_TARGET = 15.0;
				LD_RUNPATH_SEARCH_PATHS = (
					"$(inherited)",
					"@executable_path/Frameworks",
					"@executable_path/../../Frameworks",
				);
				MARKETING_VERSION = 1.1.3;
				PRODUCT_BUNDLE_IDENTIFIER = com.islamiyoldas.app.widgets;
				PRODUCT_NAME = "$(TARGET_NAME)";
				SKIP_INSTALL = YES;
				SWIFT_EMIT_LOC_STRINGS = YES;
				SWIFT_VERSION = 5.0;
				TARGETED_DEVICE_FAMILY = "1,2";
			};
			name = Debug;
		};
		W1D6E7000000000000C00003 /* Release */ = {
			isa = XCBuildConfiguration;
			buildSettings = {
				ASSETCATALOG_COMPILER_GLOBAL_ACCENT_COLOR_NAME = AccentColor;
				ASSETCATALOG_COMPILER_WIDGET_BACKGROUND_COLOR_NAME = WidgetBackground;
				CODE_SIGN_ENTITLEMENTS = IslamiWidgets/IslamiWidgets.entitlements;
				CODE_SIGN_STYLE = Automatic;
				CURRENT_PROJECT_VERSION = 15;
				DEVELOPMENT_TEAM = H5GZ9H5MX8;
				ENABLE_USER_SCRIPT_SANDBOXING = NO;
				GENERATE_INFOPLIST_FILE = NO;
				INFOPLIST_FILE = IslamiWidgets/Info.plist;
				INFOPLIST_KEY_CFBundleDisplayName = "İslami Yoldaş Widget";
				INFOPLIST_KEY_NSHumanReadableCopyright = "";
				IPHONEOS_DEPLOYMENT_TARGET = 15.0;
				LD_RUNPATH_SEARCH_PATHS = (
					"$(inherited)",
					"@executable_path/Frameworks",
					"@executable_path/../../Frameworks",
				);
				MARKETING_VERSION = 1.1.3;
				PRODUCT_BUNDLE_IDENTIFIER = com.islamiyoldas.app.widgets;
				PRODUCT_NAME = "$(TARGET_NAME)";
				SKIP_INSTALL = YES;
				SWIFT_EMIT_LOC_STRINGS = YES;
				SWIFT_VERSION = 5.0;
				TARGETED_DEVICE_FAMILY = "1,2";
			};
			name = Release;
		};
/* End XCBuildConfiguration section */

/* Begin XCConfigurationList section */
		504EC2FF1FED79650016851F /* Build configuration list for PBXProject "App" */ = {
			isa = XCConfigurationList;
			buildConfigurations = (
				504EC3141FED79650016851F /* Debug */,
				504EC3151FED79650016851F /* Release */,
			);
			defaultConfigurationIsVisible = 0;
			defaultConfigurationName = Release;
		};
		504EC3161FED79650016851F /* Build configuration list for PBXNativeTarget "App" */ = {
			isa = XCConfigurationList;
			buildConfigurations = (
				504EC3171FED79650016851F /* Debug */,
				504EC3181FED79650016851F /* Release */,
			);
			defaultConfigurationIsVisible = 0;
			defaultConfigurationName = Release;
		};
		W1D6E7000000000000C00001 /* Build configuration list for PBXNativeTarget "IslamiWidgetsExtension" */ = {
			isa = XCConfigurationList;
			buildConfigurations = (
				W1D6E7000000000000C00002 /* Debug */,
				W1D6E7000000000000C00003 /* Release */,
			);
			defaultConfigurationIsVisible = 0;
			defaultConfigurationName = Release;
		};
/* End XCConfigurationList section */
	};
	rootObject = 504EC2FC1FED79650016851F /* Project object */;
}
